# Auto-generated file for sentinel-cocoa

# Update: 17847508450

# Update: 17847508462

# Update: 17847508490

# Update: 17847508491

# Update: 17847508490

# Update: 17847508501

# Update: 17847508540

# Update: 17847508561

# Update: 17847508563

# Update: 17847508573

# Update: 17847508580

# Update: 17847508601
